{
  "name": "lab6-4460",
  "lockfileVersion": 3,
  "requires": true,
  "packages": {
    "": {
      "dependencies": {
        "d3-regression": "^1.3.10",
        "regression": "^2.0.1"
      }
    },
    "node_modules/d3-regression": {
      "version": "1.3.10",
      "resolved": "https://registry.npmjs.org/d3-regression/-/d3-regression-1.3.10.tgz",
      "integrity": "sha512-PF8GWEL70cHHWpx2jUQXc68r1pyPHIA+St16muk/XRokETzlegj5LriNKg7o4LR0TySug4nHYPJNNRz/W+/Niw=="
    },
    "node_modules/regression": {
      "version": "2.0.1",
      "resolved": "https://registry.npmjs.org/regression/-/regression-2.0.1.tgz",
      "integrity": "sha512-A4XYsc37dsBaNOgEjkJKzfJlE394IMmUPlI/p3TTI9u3T+2a+eox5Pr/CPUqF0eszeWZJPAc6QkroAhuUpWDJQ=="
    }
  }
}
